
Microsoft Visual Studio Solution File, Format Version 12.00
Project("{FAE04EC0-301F-11D3-BF4B-00C04F79EFBC}") = "preparation_test_2", "preparation_test_2\preparation_test_2.csproj", "{459856AD-F31C-445E-8873-F19AB7D5D8A7}"
EndProject
Global
	GlobalSection(SolutionConfigurationPlatforms) = preSolution
		Debug|Any CPU = Debug|Any CPU
		Release|Any CPU = Release|Any CPU
	EndGlobalSection
	GlobalSection(ProjectConfigurationPlatforms) = postSolution
		{459856AD-F31C-445E-8873-F19AB7D5D8A7}.Debug|Any CPU.ActiveCfg = Debug|Any CPU
		{459856AD-F31C-445E-8873-F19AB7D5D8A7}.Debug|Any CPU.Build.0 = Debug|Any CPU
		{459856AD-F31C-445E-8873-F19AB7D5D8A7}.Release|Any CPU.ActiveCfg = Release|Any CPU
		{459856AD-F31C-445E-8873-F19AB7D5D8A7}.Release|Any CPU.Build.0 = Release|Any CPU
	EndGlobalSection
EndGlobal
